github.com/go-sql-driver/mysql v1.7.0 h1:ueSltNNllEqE3qcWBTD0iQd3IpL/6U+mJxLkazJ7YPc=
github.com/go-sql-driver/mysql v1.7.0/go.mod h1:OXbVy3sEdcQ2Doequ6Z5BW6fXNQTmx+9S1MCJN5yJMI=
github.com/gtuk/discordwebhook v1.1.0 h1:8vsfpzqbpXTWYvwbF4ghxUeXe0uP07wZeRNrAjW+WFM=
github.com/gtuk/discordwebhook v1.1.0/go.mod h1:U3LdXNJ1e0bx3MMe2a4mB1VBantPHOPly2jNd8ZWXec=
github.com/joho/godotenv v1.4.0 h1:3l4+N6zfMWnkbPEXKng2o2/MR5mSwTrBih4ZEkkz1lg=
github.com/joho/godotenv v1.4.0/go.mod h1:f4LDr5Voq0i2e/R5DDNOoa2zzDfwtkZa6DnEwAbqwq4=
